
Microsoft Visual Studio Solution File, Format Version 12.00
# Visual Studio Version 17
VisualStudioVersion = 17.7.34024.191
MinimumVisualStudioVersion = 10.0.40219.1
Project("{FAE04EC0-301F-11D3-BF4B-00C04F79EFBC}") = "XBooksReader", "XBooksReader\XBooksReader.csproj", "{9C102554-45A6-47CC-ADBD-9FB99ACA42A5}"
EndProject
Project("{FAE04EC0-301F-11D3-BF4B-00C04F79EFBC}") = "Common", "ConsoleApp1\Common.csproj", "{ABF0A4A5-033E-4AEA-A648-41E8CF92B8B6}"
EndProject
Project("{FAE04EC0-301F-11D3-BF4B-00C04F79EFBC}") = "FormsControlLibrary", "FormsControlLibrary\FormsControlLibrary.csproj", "{82D78E9F-4B10-4760-8C10-BFC6B577639F}"
EndProject
Project("{2150E333-8FDC-42A3-9474-1A3956D46DE8}") = "ソリューション項目", "ソリューション項目", "{185934A5-E07A-4489-BF38-51010AF8B48A}"
	ProjectSection(SolutionItems) = preProject
		README.md = README.md
	EndProjectSection
EndProject
Global
	GlobalSection(SolutionConfigurationPlatforms) = preSolution
		Debug|Any CPU = Debug|Any CPU
		Release|Any CPU = Release|Any CPU
	EndGlobalSection
	GlobalSection(ProjectConfigurationPlatforms) = postSolution
		{9C102554-45A6-47CC-ADBD-9FB99ACA42A5}.Debug|Any CPU.ActiveCfg = Debug|Any CPU
		{9C102554-45A6-47CC-ADBD-9FB99ACA42A5}.Debug|Any CPU.Build.0 = Debug|Any CPU
		{9C102554-45A6-47CC-ADBD-9FB99ACA42A5}.Release|Any CPU.ActiveCfg = Release|Any CPU
		{9C102554-45A6-47CC-ADBD-9FB99ACA42A5}.Release|Any CPU.Build.0 = Release|Any CPU
		{ABF0A4A5-033E-4AEA-A648-41E8CF92B8B6}.Debug|Any CPU.ActiveCfg = Debug|Any CPU
		{ABF0A4A5-033E-4AEA-A648-41E8CF92B8B6}.Debug|Any CPU.Build.0 = Debug|Any CPU
		{ABF0A4A5-033E-4AEA-A648-41E8CF92B8B6}.Release|Any CPU.ActiveCfg = Release|Any CPU
		{ABF0A4A5-033E-4AEA-A648-41E8CF92B8B6}.Release|Any CPU.Build.0 = Release|Any CPU
		{82D78E9F-4B10-4760-8C10-BFC6B577639F}.Debug|Any CPU.ActiveCfg = Debug|Any CPU
		{82D78E9F-4B10-4760-8C10-BFC6B577639F}.Debug|Any CPU.Build.0 = Debug|Any CPU
		{82D78E9F-4B10-4760-8C10-BFC6B577639F}.Release|Any CPU.ActiveCfg = Release|Any CPU
		{82D78E9F-4B10-4760-8C10-BFC6B577639F}.Release|Any CPU.Build.0 = Release|Any CPU
	EndGlobalSection
	GlobalSection(SolutionProperties) = preSolution
		HideSolutionNode = FALSE
	EndGlobalSection
	GlobalSection(ExtensibilityGlobals) = postSolution
		SolutionGuid = {347DEF4F-2085-4450-80D7-89C68025AFFE}
	EndGlobalSection
EndGlobal
